
Microsoft Visual Studio Solution File, Format Version 12.00
# Visual Studio Express 2012 for Windows Desktop
Project("{FAE04EC0-301F-11D3-BF4B-00C04F79EFBC}") = "Imgur Offline", "Imgur Offline\Imgur Offline.csproj", "{9CD94A43-07E4-47DA-98E6-3CE7740EDAEB}"
EndProject
Global
	GlobalSection(SolutionConfigurationPlatforms) = preSolution
		Debug|Any CPU = Debug|Any CPU
		Release|Any CPU = Release|Any CPU
	EndGlobalSection
	GlobalSection(ProjectConfigurationPlatforms) = postSolution
		{9CD94A43-07E4-47DA-98E6-3CE7740EDAEB}.Debug|Any CPU.ActiveCfg = Debug|Any CPU
		{9CD94A43-07E4-47DA-98E6-3CE7740EDAEB}.Debug|Any CPU.Build.0 = Debug|Any CPU
		{9CD94A43-07E4-47DA-98E6-3CE7740EDAEB}.Release|Any CPU.ActiveCfg = Release|Any CPU
		{9CD94A43-07E4-47DA-98E6-3CE7740EDAEB}.Release|Any CPU.Build.0 = Release|Any CPU
	EndGlobalSection
	GlobalSection(SolutionProperties) = preSolution
		HideSolutionNode = FALSE
	EndGlobalSection
EndGlobal
